
Microsoft Visual Studio Solution File, Format Version 12.00
# Visual Studio Version 17
VisualStudioVersion = 17.8.34511.84
MinimumVisualStudioVersion = 10.0.40219.1
Project("{9A19103F-16F7-4668-BE54-9A1E7A4F7556}") = "WebApplication8", "WebApplication8\WebApplication8.csproj", "{7D96556E-714E-4DF0-BE72-8E5E0185ACCC}"
EndProject
Project("{FAE04EC0-301F-11D3-BF4B-00C04F79EFBC}") = "WebApplication8Tests", "WebApplication8Tests\WebApplication8Tests.csproj", "{D3F30756-C28D-4C17-A57C-DC57590F9A91}"
EndProject
Global
	GlobalSection(SolutionConfigurationPlatforms) = preSolution
		Debug|Any CPU = Debug|Any CPU
		Release|Any CPU = Release|Any CPU
	EndGlobalSection
	GlobalSection(ProjectConfigurationPlatforms) = postSolution
		{7D96556E-714E-4DF0-BE72-8E5E0185ACCC}.Debug|Any CPU.ActiveCfg = Debug|Any CPU
		{7D96556E-714E-4DF0-BE72-8E5E0185ACCC}.Debug|Any CPU.Build.0 = Debug|Any CPU
		{7D96556E-714E-4DF0-BE72-8E5E0185ACCC}.Release|Any CPU.ActiveCfg = Release|Any CPU
		{7D96556E-714E-4DF0-BE72-8E5E0185ACCC}.Release|Any CPU.Build.0 = Release|Any CPU
		{D3F30756-C28D-4C17-A57C-DC57590F9A91}.Debug|Any CPU.ActiveCfg = Debug|Any CPU
		{D3F30756-C28D-4C17-A57C-DC57590F9A91}.Debug|Any CPU.Build.0 = Debug|Any CPU
		{D3F30756-C28D-4C17-A57C-DC57590F9A91}.Release|Any CPU.ActiveCfg = Release|Any CPU
		{D3F30756-C28D-4C17-A57C-DC57590F9A91}.Release|Any CPU.Build.0 = Release|Any CPU
	EndGlobalSection
	GlobalSection(SolutionProperties) = preSolution
		HideSolutionNode = FALSE
	EndGlobalSection
	GlobalSection(ExtensibilityGlobals) = postSolution
		SolutionGuid = {BE26A66D-C6AF-474C-996A-D253725DD1A1}
	EndGlobalSection
EndGlobal
